
Microsoft Visual Studio Solution File, Format Version 12.00
# Visual Studio Version 17
VisualStudioVersion = 17.11.35222.181
MinimumVisualStudioVersion = 10.0.40219.1
Project("{F184B08F-C81C-45F6-A57F-5ABD9991F28F}") = "Diary", "Diary\Diary.vbproj", "{BA742C6E-E27E-4B0F-9ADE-EE6C15BB02FF}"
EndProject
Global
	GlobalSection(SolutionConfigurationPlatforms) = preSolution
		Debug|Any CPU = Debug|Any CPU
		Release|Any CPU = Release|Any CPU
	EndGlobalSection
	GlobalSection(ProjectConfigurationPlatforms) = postSolution
		{BA742C6E-E27E-4B0F-9ADE-EE6C15BB02FF}.Debug|Any CPU.ActiveCfg = Debug|Any CPU
		{BA742C6E-E27E-4B0F-9ADE-EE6C15BB02FF}.Debug|Any CPU.Build.0 = Debug|Any CPU
		{BA742C6E-E27E-4B0F-9ADE-EE6C15BB02FF}.Release|Any CPU.ActiveCfg = Release|Any CPU
		{BA742C6E-E27E-4B0F-9ADE-EE6C15BB02FF}.Release|Any CPU.Build.0 = Release|Any CPU
	EndGlobalSection
	GlobalSection(SolutionProperties) = preSolution
		HideSolutionNode = FALSE
	EndGlobalSection
	GlobalSection(ExtensibilityGlobals) = postSolution
		SolutionGuid = {452EFFC0-BC16-4791-BA2C-D62DE2762260}
	EndGlobalSection
EndGlobal
